// !$*UTF8*$!
{
	archiveVersion = 1;
	classes = {
	};
	objectVersion = 48;
	objects = {

/* Begin PBXBuildFile section */
		687391601FE03AD3002DE1C7 /* AppDelegate.m in Sources */ = {isa = PBXBuildFile; fileRef = 6873915F1FE03AD3002DE1C7 /* AppDelegate.m */; };
		687391661FE03AD3002DE1C7 /* Main.storyboard in Resources */ = {isa = PBXBuildFile; fileRef = 687391641FE03AD3002DE1C7 /* Main.storyboard */; };
		687391691FE03AD3002DE1C7 /* Weather.xcdatamodeld in Sources */ = {isa = PBXBuildFile; fileRef = 687391671FE03AD3002DE1C7 /* Weather.xcdatamodeld */; };
		6873916B1FE03AD3002DE1C7 /* Assets.xcassets in Resources */ = {isa = PBXBuildFile; fileRef = 6873916A1FE03AD3002DE1C7 /* Assets.xcassets */; };
		6873916E1FE03AD3002DE1C7 /* LaunchScreen.storyboard in Resources */ = {isa = PBXBuildFile; fileRef = 6873916C1FE03AD3002DE1C7 /* LaunchScreen.storyboard */; };
		687391711FE03AD3002DE1C7 /* main.m in Sources */ = {isa = PBXBuildFile; fileRef = 687391701FE03AD3002DE1C7 /* main.m */; };
		687391841FE03C55002DE1C7 /* WeatherViewController.m in Sources */ = {isa = PBXBuildFile; fileRef = 687391831FE03C55002DE1C7 /* WeatherViewController.m */; };
		687391871FE05860002DE1C7 /* NetworkManager.m in Sources */ = {isa = PBXBuildFile; fileRef = 687391861FE05860002DE1C7 /* NetworkManager.m */; };
		68C1EB7F1FE9CE0C006019A1 /* RootViewController.m in Sources */ = {isa = PBXBuildFile; fileRef = 68C1EB7D1FE9CE0C006019A1 /* RootViewController.m */; };
		68DD78B61FE07ACB003099CD /* WeatherTableViewCell.m in Sources */ = {isa = PBXBuildFile; fileRef = 68DD78B51FE07ACB003099CD /* WeatherTableViewCell.m */; };
		68DD78FC1FE51DF4003099CD /* WeatherModel.m in Sources */ = {isa = PBXBuildFile; fileRef = 68DD78FB1FE51DF4003099CD /* WeatherModel.m */; };
		868FDBD849FA9D1DE585EE42 /* Pods_Weather.framework in Frameworks */ = {isa = PBXBuildFile; fileRef = 568B0FE2EECC030085AE7254 /* Pods_Weather.framework */; };
/* End PBXBuildFile section */

/* Begin PBXFileReference section */
		568B0FE2EECC030085AE7254 /* Pods_Weather.framework */ = {isa = PBXFileReference; explicitFileType = wrapper.framework; includeInIndex = 0; path = Pods_Weather.framework; sourceTree = BUILT_PRODUCTS_DIR; };
		6873915B1FE03AD3002DE1C7 /* Weather.app */ = {isa = PBXFileReference; explicitFileType = wrapper.application; includeInIndex = 0; path = Weather.app; sourceTree = BUILT_PRODUCTS_DIR; };
		6873915E1FE03AD3002DE1C7 /* AppDelegate.h */ = {isa = PBXFileReference; lastKnownFileType = sourcecode.c.h; path = AppDelegate.h; sourceTree = "<group>"; };
		6873915F1FE03AD3002DE1C7 /* AppDelegate.m */ = {isa = PBXFileReference; lastKnownFileType = sourcecode.c.objc; path = AppDelegate.m; sourceTree = "<group>"; };
		687391651FE03AD3002DE1C7 /* Base */ = {isa = PBXFileReference; lastKnownFileType = file.storyboard; name = Base; path = Base.lproj/Main.storyboard; sourceTree = "<group>"; };
		687391681FE03AD3002DE1C7 /* Weather.xcdatamodel */ = {isa = PBXFileReference; lastKnownFileType = wrapper.xcdatamodel; path = Weather.xcdatamodel; sourceTree = "<group>"; };
		6873916A1FE03AD3002DE1C7 /* Assets.xcassets */ = {isa = PBXFileReference; lastKnownFileType = folder.assetcatalog; path = Assets.xcassets; sourceTree = "<group>"; };
		6873916D1FE03AD3002DE1C7 /* Base */ = {isa = PBXFileReference; lastKnownFileType = file.storyboard; name = Base; path = Base.lproj/LaunchScreen.storyboard; sourceTree = "<group>"; };
		6873916F1FE03AD3002DE1C7 /* Info.plist */ = {isa = PBXFileReference; lastKnownFileType = text.plist.xml; path = Info.plist; sourceTree = "<group>"; };
		687391701FE03AD3002DE1C7 /* main.m */ = {isa = PBXFileReference; lastKnownFileType = sourcecode.c.objc; path = main.m; sourceTree = "<group>"; };
		687391821FE03C55002DE1C7 /* WeatherViewController.h */ = {isa = PBXFileReference; lastKnownFileType = sourcecode.c.h; path = WeatherViewController.h; sourceTree = "<group>"; };
		687391831FE03C55002DE1C7 /* WeatherViewController.m */ = {isa = PBXFileReference; lastKnownFileType = sourcecode.c.objc; path = WeatherViewController.m; sourceTree = "<group>"; };
		687391851FE05860002DE1C7 /* NetworkManager.h */ = {isa = PBXFileReference; lastKnownFileType = sourcecode.c.h; path = NetworkManager.h; sourceTree = "<group>"; };
		687391861FE05860002DE1C7 /* NetworkManager.m */ = {isa = PBXFileReference; lastKnownFileType = sourcecode.c.objc; path = NetworkManager.m; sourceTree = "<group>"; };
		68C1EB771FE9CDD3006019A1 /* Cities+CoreDataProperties copy.m */ = {isa = PBXFileReference; fileEncoding = 4; lastKnownFileType = sourcecode.c.objc; path = "Cities+CoreDataProperties copy.m"; sourceTree = "<group>"; };
		68C1EB781FE9CDD3006019A1 /* Cities+CoreDataProperties copy.h */ = {isa = PBXFileReference; fileEncoding = 4; lastKnownFileType = sourcecode.c.h; path = "Cities+CoreDataProperties copy.h"; sourceTree = "<group>"; };
		68C1EB791FE9CDD3006019A1 /* Cities+CoreDataClass copy.h */ = {isa = PBXFileReference; fileEncoding = 4; lastKnownFileType = sourcecode.c.h; path = "Cities+CoreDataClass copy.h"; sourceTree = "<group>"; };
		68C1EB7A1FE9CDD3006019A1 /* Cities+CoreDataClass copy.m */ = {isa = PBXFileReference; fileEncoding = 4; lastKnownFileType = sourcecode.c.objc; path = "Cities+CoreDataClass copy.m"; sourceTree = "<group>"; };
		68C1EB7D1FE9CE0C006019A1 /* RootViewController.m */ = {isa = PBXFileReference; fileEncoding = 4; lastKnownFileType = sourcecode.c.objc; path = RootViewController.m; sourceTree = "<group>"; };
		68C1EB7E1FE9CE0C006019A1 /* RootViewController.h */ = {isa = PBXFileReference; fileEncoding = 4; lastKnownFileType = sourcecode.c.h; path = RootViewController.h; sourceTree = "<group>"; };
		68DD78B41FE07ACB003099CD /* WeatherTableViewCell.h */ = {isa = PBXFileReference; lastKnownFileType = sourcecode.c.h; path = WeatherTableViewCell.h; sourceTree = "<group>"; };
		68DD78B51FE07ACB003099CD /* WeatherTableViewCell.m */ = {isa = PBXFileReference; lastKnownFileType = sourcecode.c.objc; path = WeatherTableViewCell.m; sourceTree = "<group>"; };
		68DD78FA1FE51DF4003099CD /* WeatherModel.h */ = {isa = PBXFileReference; lastKnownFileType = sourcecode.c.h; path = WeatherModel.h; sourceTree = "<group>"; };
		68DD78FB1FE51DF4003099CD /* WeatherModel.m */ = {isa = PBXFileReference; lastKnownFileType = sourcecode.c.objc; path = WeatherModel.m; sourceTree = "<group>"; };
		69FDC8E83950D7B04316A790 /* Pods-Weather.debug.xcconfig */ = {isa = PBXFileReference; includeInIndex = 1; lastKnownFileType = text.xcconfig; name = "Pods-Weather.debug.xcconfig"; path = "Pods/Target Support Files/Pods-Weather/Pods-Weather.debug.xcconfig"; sourceTree = "<group>"; };
		7EAB92077CD92DF1CE25FA8C /* Pods-Weather.release.xcconfig */ = {isa = PBXFileReference; includeInIndex = 1; lastKnownFileType = text.xcconfig; name = "Pods-Weather.release.xcconfig"; path = "Pods/Target Support Files/Pods-Weather/Pods-Weather.release.xcconfig"; sourceTree = "<group>"; };
/* End PBXFileReference section */

/* Begin PBXFrameworksBuildPhase section */
		687391581FE03AD3002DE1C7 /* Frameworks */ = {
			isa = PBXFrameworksBuildPhase;
			buildActionMask = 2147483647;
			files = (
				868FDBD849FA9D1DE585EE42 /* Pods_Weather.framework in Frameworks */,
			);
			runOnlyForDeploymentPostprocessing = 0;
		};
/* End PBXFrameworksBuildPhase section */

/* Begin PBXGroup section */
		1DCAFC6E38A0BA8ABCE135C6 /* Frameworks */ = {
			isa = PBXGroup;
			children = (
				568B0FE2EECC030085AE7254 /* Pods_Weather.framework */,
			);
			name = Frameworks;
			sourceTree = "<group>";
		};
		687391521FE03AD3002DE1C7 = {
			isa = PBXGroup;
			children = (
				6873915D1FE03AD3002DE1C7 /* Weather */,
				6873915C1FE03AD3002DE1C7 /* Products */,
				70EAFD6D5307E0741692B28F /* Pods */,
				1DCAFC6E38A0BA8ABCE135C6 /* Frameworks */,
			);
			sourceTree = "<group>";
		};
		6873915C1FE03AD3002DE1C7 /* Products */ = {
			isa = PBXGroup;
			children = (
				6873915B1FE03AD3002DE1C7 /* Weather.app */,
			);
			name = Products;
			sourceTree = "<group>";
		};
		6873915D1FE03AD3002DE1C7 /* Weather */ = {
			isa = PBXGroup;
			children = (
				687391771FE03B10002DE1C7 /* Source */,
			);
			path = Weather;
			sourceTree = "<group>";
		};
		687391771FE03B10002DE1C7 /* Source */ = {
			isa = PBXGroup;
			children = (
				687391781FE03B18002DE1C7 /* Resources */,
				6873917B1FE03B2F002DE1C7 /* Database */,
				687391791FE03B1F002DE1C7 /* Networking Manager */,
				6873917A1FE03B28002DE1C7 /* Presentation */,
			);
			path = Source;
			sourceTree = "<group>";
		};
		687391781FE03B18002DE1C7 /* Resources */ = {
			isa = PBXGroup;
			children = (
				6873915E1FE03AD3002DE1C7 /* AppDelegate.h */,
				6873915F1FE03AD3002DE1C7 /* AppDelegate.m */,
				6873916A1FE03AD3002DE1C7 /* Assets.xcassets */,
				6873916F1FE03AD3002DE1C7 /* Info.plist */,
				687391701FE03AD3002DE1C7 /* main.m */,
			);
			path = Resources;
			sourceTree = "<group>";
		};
		687391791FE03B1F002DE1C7 /* Networking Manager */ = {
			isa = PBXGroup;
			children = (
				687391851FE05860002DE1C7 /* NetworkManager.h */,
				687391861FE05860002DE1C7 /* NetworkManager.m */,
			);
			path = "Networking Manager";
			sourceTree = "<group>";
		};
		6873917A1FE03B28002DE1C7 /* Presentation */ = {
			isa = PBXGroup;
			children = (
				6873917D1FE03C06002DE1C7 /* Weather */,
				687391811FE03C2C002DE1C7 /* Storyboards */,
			);
			path = Presentation;
			sourceTree = "<group>";
		};
		6873917B1FE03B2F002DE1C7 /* Database */ = {
			isa = PBXGroup;
			children = (
				68C1EB771FE9CDD3006019A1 /* Cities+CoreDataProperties copy.m */,
				68C1EB781FE9CDD3006019A1 /* Cities+CoreDataProperties copy.h */,
				68C1EB791FE9CDD3006019A1 /* Cities+CoreDataClass copy.h */,
				68C1EB7A1FE9CDD3006019A1 /* Cities+CoreDataClass copy.m */,
				687391671FE03AD3002DE1C7 /* Weather.xcdatamodeld */,
			);
			path = Database;
			sourceTree = "<group>";
		};
		6873917D1FE03C06002DE1C7 /* Weather */ = {
			isa = PBXGroup;
			children = (
				68C1EB7E1FE9CE0C006019A1 /* RootViewController.h */,
				68C1EB7D1FE9CE0C006019A1 /* RootViewController.m */,
				687391821FE03C55002DE1C7 /* WeatherViewController.h */,
				687391831FE03C55002DE1C7 /* WeatherViewController.m */,
				68DD78B41FE07ACB003099CD /* WeatherTableViewCell.h */,
				68DD78B51FE07ACB003099CD /* WeatherTableViewCell.m */,
				68DD78FA1FE51DF4003099CD /* WeatherModel.h */,
				68DD78FB1FE51DF4003099CD /* WeatherModel.m */,
			);
			path = Weather;
			sourceTree = "<group>";
		};
		687391811FE03C2C002DE1C7 /* Storyboards */ = {
			isa = PBXGroup;
			children = (
				6873916C1FE03AD3002DE1C7 /* LaunchScreen.storyboard */,
				687391641FE03AD3002DE1C7 /* Main.storyboard */,
			);
			path = Storyboards;
			sourceTree = "<group>";
		};
		70EAFD6D5307E0741692B28F /* Pods */ = {
			isa = PBXGroup;
			children = (
				69FDC8E83950D7B04316A790 /* Pods-Weather.debug.xcconfig */,
				7EAB92077CD92DF1CE25FA8C /* Pods-Weather.release.xcconfig */,
			);
			name = Pods;
			sourceTree = "<group>";
		};
/* End PBXGroup section */

/* Begin PBXNativeTarget section */
		6873915A1FE03AD3002DE1C7 /* Weather */ = {
			isa = PBXNativeTarget;
			buildConfigurationList = 687391741FE03AD3002DE1C7 /* Build configuration list for PBXNativeTarget "Weather" */;
			buildPhases = (
				C05585EEC163111B21D23092 /* [CP] Check Pods Manifest.lock */,
				687391571FE03AD3002DE1C7 /* Sources */,
				687391581FE03AD3002DE1C7 /* Frameworks */,
				687391591FE03AD3002DE1C7 /* Resources */,
				258E3A765C3257588125319E /* [CP] Embed Pods Frameworks */,
				3F074B87CF3DF728D1FC899C /* [CP] Copy Pods Resources */,
			);
			buildRules = (
			);
			dependencies = (
			);
			name = Weather;
			productName = Weather;
			productReference = 6873915B1FE03AD3002DE1C7 /* Weather.app */;
			productType = "com.apple.product-type.application";
		};
/* End PBXNativeTarget section */

/* Begin PBXProject section */
		687391531FE03AD3002DE1C7 /* Project object */ = {
			isa = PBXProject;
			attributes = {
				LastUpgradeCheck = 0920;
				ORGANIZATIONNAME = "Mykhailenko Valerii";
				TargetAttributes = {
					6873915A1FE03AD3002DE1C7 = {
						CreatedOnToolsVersion = 9.2;
						ProvisioningStyle = Automatic;
					};
				};
			};
			buildConfigurationList = 687391561FE03AD3002DE1C7 /* Build configuration list for PBXProject "Weather" */;
			compatibilityVersion = "Xcode 8.0";
			developmentRegion = en;
			hasScannedForEncodings = 0;
			knownRegions = (
				en,
				Base,
			);
			mainGroup = 687391521FE03AD3002DE1C7;
			productRefGroup = 6873915C1FE03AD3002DE1C7 /* Products */;
			projectDirPath = "";
			projectRoot = "";
			targets = (
				6873915A1FE03AD3002DE1C7 /* Weather */,
			);
		};
/* End PBXProject section */

/* Begin PBXResourcesBuildPhase section */
		687391591FE03AD3002DE1C7 /* Resources */ = {
			isa = PBXResourcesBuildPhase;
			buildActionMask = 2147483647;
			files = (
				6873916E1FE03AD3002DE1C7 /* LaunchScreen.storyboard in Resources */,
				6873916B1FE03AD3002DE1C7 /* Assets.xcassets in Resources */,
				687391661FE03AD3002DE1C7 /* Main.storyboard in Resources */,
			);
			runOnlyForDeploymentPostprocessing = 0;
		};
/* End PBXResourcesBuildPhase section */

/* Begin PBXShellScriptBuildPhase section */
		258E3A765C3257588125319E /* [CP] Embed Pods Frameworks */ = {
			isa = PBXShellScriptBuildPhase;
			buildActionMask = 2147483647;
			files = (
			);
			inputPaths = (
				"${SRCROOT}/Pods/Target Support Files/Pods-Weather/Pods-Weather-frameworks.sh",
				"${BUILT_PRODUCTS_DIR}/AFNetworking/AFNetworking.framework",
				"${BUILT_PRODUCTS_DIR}/CLLocationManager-blocks/CLLocationManager_blocks.framework",
				"${BUILT_PRODUCTS_DIR}/MagicalRecord/MagicalRecord.framework",
				"${BUILT_PRODUCTS_DIR}/SDWebImage/SDWebImage.framework",
			);
			name = "[CP] Embed Pods Frameworks";
			outputPaths = (
				"${TARGET_BUILD_DIR}/${FRAMEWORKS_FOLDER_PATH}/AFNetworking.framework",
				"${TARGET_BUILD_DIR}/${FRAMEWORKS_FOLDER_PATH}/CLLocationManager_blocks.framework",
				"${TARGET_BUILD_DIR}/${FRAMEWORKS_FOLDER_PATH}/MagicalRecord.framework",
				"${TARGET_BUILD_DIR}/${FRAMEWORKS_FOLDER_PATH}/SDWebImage.framework",
			);
			runOnlyForDeploymentPostprocessing = 0;
			shellPath = /bin/sh;
			shellScript = "\"${SRCROOT}/Pods/Target Support Files/Pods-Weather/Pods-Weather-frameworks.sh\"\n";
			showEnvVarsInLog = 0;
		};
		3F074B87CF3DF728D1FC899C /* [CP] Copy Pods Resources */ = {
			isa = PBXShellScriptBuildPhase;
			buildActionMask = 2147483647;
			files = (
			);
			inputPaths = (
			);
			name = "[CP] Copy Pods Resources";
			outputPaths = (
			);
			runOnlyForDeploymentPostprocessing = 0;
			shellPath = /bin/sh;
			shellScript = "\"${SRCROOT}/Pods/Target Support Files/Pods-Weather/Pods-Weather-resources.sh\"\n";
			showEnvVarsInLog = 0;
		};
		C05585EEC163111B21D23092 /* [CP] Check Pods Manifest.lock */ = {
			isa = PBXShellScriptBuildPhase;
			buildActionMask = 2147483647;
			files = (
			);
			inputPaths = (
				"${PODS_PODFILE_DIR_PATH}/Podfile.lock",
				"${PODS_ROOT}/Manifest.lock",
			);
			name = "[CP] Check Pods Manifest.lock";
			outputPaths = (
				"$(DERIVED_FILE_DIR)/Pods-Weather-checkManifestLockResult.txt",
			);
			runOnlyForDeploymentPostprocessing = 0;
			shellPath = /bin/sh;
			shellScript = "diff \"${PODS_PODFILE_DIR_PATH}/Podfile.lock\" \"${PODS_ROOT}/Manifest.lock\" > /dev/null\nif [ $? != 0 ] ; then\n    # print error to STDERR\n    echo \"error: The sandbox is not in sync with the Podfile.lock. Run 'pod install' or update your CocoaPods installation.\" >&2\n    exit 1\nfi\n# This output is used by Xcode 'outputs' to avoid re-running this script phase.\necho \"SUCCESS\" > \"${SCRIPT_OUTPUT_FILE_0}\"\n";
			showEnvVarsInLog = 0;
		};
/* End PBXShellScriptBuildPhase section */

/* Begin PBXSourcesBuildPhase section */
		687391571FE03AD3002DE1C7 /* Sources */ = {
			isa = PBXSourcesBuildPhase;
			buildActionMask = 2147483647;
			files = (
				687391691FE03AD3002DE1C7 /* Weather.xcdatamodeld in Sources */,
				687391711FE03AD3002DE1C7 /* main.m in Sources */,
				68C1EB7F1FE9CE0C006019A1 /* RootViewController.m in Sources */,
				68DD78B61FE07ACB003099CD /* WeatherTableViewCell.m in Sources */,
				687391841FE03C55002DE1C7 /* WeatherViewController.m in Sources */,
				687391871FE05860002DE1C7 /* NetworkManager.m in Sources */,
				68DD78FC1FE51DF4003099CD /* WeatherModel.m in Sources */,
				687391601FE03AD3002DE1C7 /* AppDelegate.m in Sources */,
			);
			runOnlyForDeploymentPostprocessing = 0;
		};
/* End PBXSourcesBuildPhase section */

/* Begin PBXVariantGroup section */
		687391641FE03AD3002DE1C7 /* Main.storyboard */ = {
			isa = PBXVariantGroup;
			children = (
				687391651FE03AD3002DE1C7 /* Base */,
			);
			name = Main.storyboard;
			sourceTree = "<group>";
		};
		6873916C1FE03AD3002DE1C7 /* LaunchScreen.storyboard */ = {
			isa = PBXVariantGroup;
			children = (
				6873916D1FE03AD3002DE1C7 /* Base */,
			);
			name = LaunchScreen.storyboard;
			sourceTree = "<group>";
		};
/* End PBXVariantGroup section */

/* Begin XCBuildConfiguration section */
		687391721FE03AD3002DE1C7 /* Debug */ = {
			isa = XCBuildConfiguration;
			buildSettings = {
				ALWAYS_SEARCH_USER_PATHS = NO;
				CLANG_ANALYZER_NONNULL = YES;
				CLANG_ANALYZER_NUMBER_OBJECT_CONVERSION = YES_AGGRESSIVE;
				CLANG_CXX_LANGUAGE_STANDARD = "gnu++14";
				CLANG_CXX_LIBRARY = "libc++";
				CLANG_ENABLE_MODULES = YES;
				CLANG_ENABLE_OBJC_ARC = YES;
				CLANG_WARN_BLOCK_CAPTURE_AUTORELEASING = YES;
				CLANG_WARN_BOOL_CONVERSION = YES;
				CLANG_WARN_COMMA = YES;
				CLANG_WARN_CONSTANT_CONVERSION = YES;
				CLANG_WARN_DIRECT_OBJC_ISA_USAGE = YES_ERROR;
				CLANG_WARN_DOCUMENTATION_COMMENTS = YES;
				CLANG_WARN_EMPTY_BODY = YES;
				CLANG_WARN_ENUM_CONVERSION = YES;
				CLANG_WARN_INFINITE_RECURSION = YES;
				CLANG_WARN_INT_CONVERSION = YES;
				CLANG_WARN_NON_LITERAL_NULL_CONVERSION = YES;
				CLANG_WARN_OBJC_LITERAL_CONVERSION = YES;
				CLANG_WARN_OBJC_ROOT_CLASS = YES_ERROR;
				CLANG_WARN_RANGE_LOOP_ANALYSIS = YES;
				CLANG_WARN_STRICT_PROTOTYPES = YES;
				CLANG_WARN_SUSPICIOUS_MOVE = YES;
				CLANG_WARN_UNGUARDED_AVAILABILITY = YES_AGGRESSIVE;
				CLANG_WARN_UNREACHABLE_CODE = YES;
				CLANG_WARN__DUPLICATE_METHOD_MATCH = YES;
				CODE_SIGN_IDENTITY = "iPhone Developer";
				COPY_PHASE_STRIP = NO;
				DEBUG_INFORMATION_FORMAT = dwarf;
				ENABLE_STRICT_OBJC_MSGSEND = YES;
				ENABLE_TESTABILITY = YES;
				GCC_C_LANGUAGE_STANDARD = gnu11;
				GCC_DYNAMIC_NO_PIC = NO;
				GCC_NO_COMMON_BLOCKS = YES;
				GCC_OPTIMIZATION_LEVEL = 0;
				GCC_PREPROCESSOR_DEFINITIONS = (
					"DEBUG=1",
					"$(inherited)",
				);
				GCC_WARN_64_TO_32_BIT_CONVERSION = YES;
				GCC_WARN_ABOUT_RETURN_TYPE = YES_ERROR;
				GCC_WARN_UNDECLARED_SELECTOR = YES;
				GCC_WARN_UNINITIALIZED_AUTOS = YES_AGGRESSIVE;
				GCC_WARN_UNUSED_FUNCTION = YES;
				GCC_WARN_UNUSED_VARIABLE = YES;
				IPHONEOS_DEPLOYMENT_TARGET = 11.2;
				MTL_ENABLE_DEBUG_INFO = YES;
				ONLY_ACTIVE_ARCH = YES;
				SDKROOT = iphoneos;
			};
			name = Debug;
		};
		687391731FE03AD3002DE1C7 /* Release */ = {
			isa = XCBuildConfiguration;
			buildSettings = {
				ALWAYS_SEARCH_USER_PATHS = NO;
				CLANG_ANALYZER_NONNULL = YES;
				CLANG_ANALYZER_NUMBER_OBJECT_CONVERSION = YES_AGGRESSIVE;
				CLANG_CXX_LANGUAGE_STANDARD = "gnu++14";
				CLANG_CXX_LIBRARY = "libc++";
				CLANG_ENABLE_MODULES = YES;
				CLANG_ENABLE_OBJC_ARC = YES;
				CLANG_WARN_BLOCK_CAPTURE_AUTORELEASING = YES;
				CLANG_WARN_BOOL_CONVERSION = YES;
				CLANG_WARN_COMMA = YES;
				CLANG_WARN_CONSTANT_CONVERSION = YES;
				CLANG_WARN_DIRECT_OBJC_ISA_USAGE = YES_ERROR;
				CLANG_WARN_DOCUMENTATION_COMMENTS = YES;
				CLANG_WARN_EMPTY_BODY = YES;
				CLANG_WARN_ENUM_CONVERSION = YES;
				CLANG_WARN_INFINITE_RECURSION = YES;
				CLANG_WARN_INT_CONVERSION = YES;
				CLANG_WARN_NON_LITERAL_NULL_CONVERSION = YES;
				CLANG_WARN_OBJC_LITERAL_CONVERSION = YES;
				CLANG_WARN_OBJC_ROOT_CLASS = YES_ERROR;
				CLANG_WARN_RANGE_LOOP_ANALYSIS = YES;
				CLANG_WARN_STRICT_PROTOTYPES = YES;
				CLANG_WARN_SUSPICIOUS_MOVE = YES;
				CLANG_WARN_UNGUARDED_AVAILABILITY = YES_AGGRESSIVE;
				CLANG_WARN_UNREACHABLE_CODE = YES;
				CLANG_WARN__DUPLICATE_METHOD_MATCH = YES;
				CODE_SIGN_IDENTITY = "iPhone Developer";
				COPY_PHASE_STRIP = NO;
				DEBUG_INFORMATION_FORMAT = "dwarf-with-dsym";
				ENABLE_NS_ASSERTIONS = NO;
				ENABLE_STRICT_OBJC_MSGSEND = YES;
				GCC_C_LANGUAGE_STANDARD = gnu11;
				GCC_NO_COMMON_BLOCKS = YES;
				GCC_WARN_64_TO_32_BIT_CONVERSION = YES;
				GCC_WARN_ABOUT_RETURN_TYPE = YES_ERROR;
				GCC_WARN_UNDECLARED_SELECTOR = YES;
				GCC_WARN_UNINITIALIZED_AUTOS = YES_AGGRESSIVE;
				GCC_WARN_UNUSED_FUNCTION = YES;
				GCC_WARN_UNUSED_VARIABLE = YES;
				IPHONEOS_DEPLOYMENT_TARGET = 11.2;
				MTL_ENABLE_DEBUG_INFO = NO;
				SDKROOT = iphoneos;
				VALIDATE_PRODUCT = YES;
			};
			name = Release;
		};
		687391751FE03AD3002DE1C7 /* Debug */ = {
			isa = XCBuildConfiguration;
			baseConfigurationReference = 69FDC8E83950D7B04316A790 /* Pods-Weather.debug.xcconfig */;
			buildSettings = {
				ASSETCATALOG_COMPILER_APPICON_NAME = AppIcon;
				CODE_SIGN_STYLE = Automatic;
				DEVELOPMENT_TEAM = 88EQ7M92W6;
				INFOPLIST_FILE = "$(SRCROOT)/Weather/Source/Resources/Info.plist";
				IPHONEOS_DEPLOYMENT_TARGET = 10.0;
				LD_RUNPATH_SEARCH_PATHS = "$(inherited) @executable_path/Frameworks";
				PRODUCT_BUNDLE_IDENTIFIER = com.mykhailenko.Weather;
				PRODUCT_NAME = "$(TARGET_NAME)";
				TARGETED_DEVICE_FAMILY = 1;
			};
			name = Debug;
		};
		687391761FE03AD3002DE1C7 /* Release */ = {
			isa = XCBuildConfiguration;
			baseConfigurationReference = 7EAB92077CD92DF1CE25FA8C /* Pods-Weather.release.xcconfig */;
			buildSettings = {
				ASSETCATALOG_COMPILER_APPICON_NAME = AppIcon;
				CODE_SIGN_STYLE = Automatic;
				DEVELOPMENT_TEAM = 88EQ7M92W6;
				INFOPLIST_FILE = "$(SRCROOT)/Weather/Source/Resources/Info.plist";
				IPHONEOS_DEPLOYMENT_TARGET = 10.0;
				LD_RUNPATH_SEARCH_PATHS = "$(inherited) @executable_path/Frameworks";
				PRODUCT_BUNDLE_IDENTIFIER = com.mykhailenko.Weather;
				PRODUCT_NAME = "$(TARGET_NAME)";
				TARGETED_DEVICE_FAMILY = 1;
			};
			name = Release;
		};
/* End XCBuildConfiguration section */

/* Begin XCConfigurationList section */
		687391561FE03AD3002DE1C7 /* Build configuration list for PBXProject "Weather" */ = {
			isa = XCConfigurationList;
			buildConfigurations = (
				687391721FE03AD3002DE1C7 /* Debug */,
				687391731FE03AD3002DE1C7 /* Release */,
			);
			defaultConfigurationIsVisible = 0;
			defaultConfigurationName = Release;
		};
		687391741FE03AD3002DE1C7 /* Build configuration list for PBXNativeTarget "Weather" */ = {
			isa = XCConfigurationList;
			buildConfigurations = (
				687391751FE03AD3002DE1C7 /* Debug */,
				687391761FE03AD3002DE1C7 /* Release */,
			);
			defaultConfigurationIsVisible = 0;
			defaultConfigurationName = Release;
		};
/* End XCConfigurationList section */

/* Begin XCVersionGroup section */
		687391671FE03AD3002DE1C7 /* Weather.xcdatamodeld */ = {
			isa = XCVersionGroup;
			children = (
				687391681FE03AD3002DE1C7 /* Weather.xcdatamodel */,
			);
			currentVersion = 687391681FE03AD3002DE1C7 /* Weather.xcdatamodel */;
			path = Weather.xcdatamodeld;
			sourceTree = "<group>";
			versionGroupType = wrapper.xcdatamodel;
		};
/* End XCVersionGroup section */
	};
	rootObject = 687391531FE03AD3002DE1C7 /* Project object */;
}
